
Microsoft Visual Studio Solution File, Format Version 12.00
# Visual Studio 2013
Project("{FAE04EC0-301F-11D3-BF4B-00C04F79EFBC}") = "UnityVS.ProcedualGeneration.CSharp", "UnityVS.ProcedualGeneration.CSharp.csproj", "{BD35F144-22D0-4578-6A96-6FDBA9940CC2}"
EndProject
Global
	GlobalSection(SolutionConfigurationPlatforms) = preSolution
		Debug|Any CPU = Debug|Any CPU
		Release|Any CPU = Release|Any CPU
	EndGlobalSection
	GlobalSection(ProjectConfigurationPlatforms) = postSolution
		{BD35F144-22D0-4578-6A96-6FDBA9940CC2}.Debug|Any CPU.ActiveCfg = Debug|Any CPU
		{BD35F144-22D0-4578-6A96-6FDBA9940CC2}.Debug|Any CPU.Build.0 = Debug|Any CPU
		{BD35F144-22D0-4578-6A96-6FDBA9940CC2}.Release|Any CPU.ActiveCfg = Release|Any CPU
		{BD35F144-22D0-4578-6A96-6FDBA9940CC2}.Release|Any CPU.Build.0 = Release|Any CPU
	EndGlobalSection
	GlobalSection(SolutionProperties) = preSolution
		HideSolutionNode = FALSE
	EndGlobalSection
EndGlobal
